
Microsoft Visual Studio Solution File, Format Version 12.00
# Visual Studio Version 17
VisualStudioVersion = 17.14.36121.58 d17.14
MinimumVisualStudioVersion = 10.0.40219.1
Project("{FAE04EC0-301F-11D3-BF4B-00C04F79EFBC}") = "LawyerAppointmentSystem", "LawyerAppointmentSystem\LawyerAppointmentSystem.csproj", "{750E2FEA-D6FD-456F-A34F-AAEE9D47E02E}"
EndProject
Global
	GlobalSection(SolutionConfigurationPlatforms) = preSolution
		Debug|Any CPU = Debug|Any CPU
		Release|Any CPU = Release|Any CPU
	EndGlobalSection
	GlobalSection(ProjectConfigurationPlatforms) = postSolution
		{750E2FEA-D6FD-456F-A34F-AAEE9D47E02E}.Debug|Any CPU.ActiveCfg = Debug|Any CPU
		{750E2FEA-D6FD-456F-A34F-AAEE9D47E02E}.Debug|Any CPU.Build.0 = Debug|Any CPU
		{750E2FEA-D6FD-456F-A34F-AAEE9D47E02E}.Release|Any CPU.ActiveCfg = Release|Any CPU
		{750E2FEA-D6FD-456F-A34F-AAEE9D47E02E}.Release|Any CPU.Build.0 = Release|Any CPU
	EndGlobalSection
	GlobalSection(SolutionProperties) = preSolution
		HideSolutionNode = FALSE
	EndGlobalSection
	GlobalSection(ExtensibilityGlobals) = postSolution
		SolutionGuid = {1E1E7540-1647-471F-B99A-F7FCE6B4F98F}
	EndGlobalSection
EndGlobal
